
Microsoft Visual Studio Solution File, Format Version 12.00
# Visual Studio Version 17
VisualStudioVersion = 17.7.34024.191
MinimumVisualStudioVersion = 10.0.40219.1
Project("{FAE04EC0-301F-11D3-BF4B-00C04F79EFBC}") = "Singleton", "Singleton\Singleton.csproj", "{1980366D-5D07-4724-AAA9-7C1B0BAE371A}"
EndProject
Global
	GlobalSection(SolutionConfigurationPlatforms) = preSolution
		Debug|Any CPU = Debug|Any CPU
		Release|Any CPU = Release|Any CPU
	EndGlobalSection
	GlobalSection(ProjectConfigurationPlatforms) = postSolution
		{1980366D-5D07-4724-AAA9-7C1B0BAE371A}.Debug|Any CPU.ActiveCfg = Debug|Any CPU
		{1980366D-5D07-4724-AAA9-7C1B0BAE371A}.Debug|Any CPU.Build.0 = Debug|Any CPU
		{1980366D-5D07-4724-AAA9-7C1B0BAE371A}.Release|Any CPU.ActiveCfg = Release|Any CPU
		{1980366D-5D07-4724-AAA9-7C1B0BAE371A}.Release|Any CPU.Build.0 = Release|Any CPU
	EndGlobalSection
	GlobalSection(SolutionProperties) = preSolution
		HideSolutionNode = FALSE
	EndGlobalSection
	GlobalSection(ExtensibilityGlobals) = postSolution
		SolutionGuid = {BBEA988D-4AB0-4EC8-B441-80659B1B9637}
	EndGlobalSection
EndGlobal
